
Microsoft Visual Studio Solution File, Format Version 12.00
# Visual Studio Version 17
VisualStudioVersion = 17.13.35828.75
MinimumVisualStudioVersion = 10.0.40219.1
Project("{2150E333-8FDC-42A3-9474-1A3956D46DE8}") = "Frontend", "Frontend", "{6CA1FC6B-A2F2-4FB3-988E-CE2062B7A0DA}"
EndProject
Project("{2150E333-8FDC-42A3-9474-1A3956D46DE8}") = "Gateway", "Gateway", "{91E9E574-5C0E-4021-A814-276F90529A7B}"
EndProject
Project("{2150E333-8FDC-42A3-9474-1A3956D46DE8}") = "Integration", "Integration", "{186572F0-347B-48A4-A87D-A3FAFA674185}"
EndProject
Project("{2150E333-8FDC-42A3-9474-1A3956D46DE8}") = "Services", "Services", "{EAEB4A0D-5AEF-41F8-8AA4-3D75F43E386A}"
EndProject
Project("{E53339B2-1760-4266-BCC7-CA923CBCF16C}") = "docker-compose", "docker-compose.dcproj", "{81DDED9D-158B-E303-5F62-77A2896D2A5A}"
EndProject
Project("{2150E333-8FDC-42A3-9474-1A3956D46DE8}") = "UnitTests", "UnitTests", "{36D591C7-65C7-A0D1-1CBC-10CDE441BDC8}"
EndProject
Project("{FAE04EC0-301F-11D3-BF4B-00C04F79EFBC}") = "FinancialTracker.Services.AuthorizeApi.Tests", "FinancialTracker.Services.AuthorizeApi.Tests\FinancialTracker.Services.AuthorizeApi.Tests.csproj", "{467BA127-05BB-DF46-83A0-4FB3F8853FBF}"
EndProject
Project("{FAE04EC0-301F-11D3-BF4B-00C04F79EFBC}") = "FinancialTracker.Services.Analytics.Tests", "FinancialTracker.Services.Analytics.Tests\FinancialTracker.Services.Analytics.Tests.csproj", "{DC76BC4F-AAA5-4D30-804F-C3818FE46161}"
EndProject
Project("{2150E333-8FDC-42A3-9474-1A3956D46DE8}") = "FinancialTracker.Services.Wallet", "FinancialTracker.Services.Wallet", "{A7128355-405F-4300-B4AB-F512F3B57E67}"
EndProject
Project("{FAE04EC0-301F-11D3-BF4B-00C04F79EFBC}") = "Wallet.Domain", "Wallet.Domain\Wallet.Domain.csproj", "{E81B7F6B-061C-4455-8C17-22AA39F88A1E}"
EndProject
Project("{FAE04EC0-301F-11D3-BF4B-00C04F79EFBC}") = "Wallet.Application", "Wallet.Application\Wallet.Application.csproj", "{22E82EA5-1198-4C08-A5B9-AE0FC2ED065B}"
EndProject
Project("{FAE04EC0-301F-11D3-BF4B-00C04F79EFBC}") = "Wallet.Infrastructure", "Wallet.Infrastructure\Wallet.Infrastructure.csproj", "{04122264-1370-4FB8-A843-1C9FC0C458A6}"
EndProject
Project("{FAE04EC0-301F-11D3-BF4B-00C04F79EFBC}") = "Wallet.API", "Wallet.API\Wallet.API.csproj", "{D3B7606E-CED3-4B3A-959C-A2E1DC80DB6A}"
EndProject
Project("{FAE04EC0-301F-11D3-BF4B-00C04F79EFBC}") = "FinancialTracker.Services.AuthorizeApi", "FinancialTracker.Services.AuthorizeApi\FinancialTracker.Services.AuthorizeApi.csproj", "{8409A746-F0D4-4E68-BFCE-3AD012D882C1}"
EndProject
Project("{FAE04EC0-301F-11D3-BF4B-00C04F79EFBC}") = "FinancialTracker.Services.Analytics", "FinancialTracker.Services.Analytics\FinancialTracker.Services.Analytics.csproj", "{6BAF324D-11E5-4F92-A257-D87961F8C1FF}"
EndProject
Project("{2150E333-8FDC-42A3-9474-1A3956D46DE8}") = "Shared", "Shared", "{75D44298-749A-4890-84A0-9E1C876662AB}"
EndProject
Project("{FAE04EC0-301F-11D3-BF4B-00C04F79EFBC}") = "MassTransit.Shared", "..\MassTransit.Shared\MassTransit.Shared.csproj", "{47DE6C79-053D-4AE0-87F6-84C54F29D6C4}"
EndProject
Global
	GlobalSection(SolutionConfigurationPlatforms) = preSolution
		Debug|Any CPU = Debug|Any CPU
		Release|Any CPU = Release|Any CPU
	EndGlobalSection
	GlobalSection(ProjectConfigurationPlatforms) = postSolution
		{81DDED9D-158B-E303-5F62-77A2896D2A5A}.Debug|Any CPU.ActiveCfg = Debug|Any CPU
		{81DDED9D-158B-E303-5F62-77A2896D2A5A}.Debug|Any CPU.Build.0 = Debug|Any CPU
		{81DDED9D-158B-E303-5F62-77A2896D2A5A}.Release|Any CPU.ActiveCfg = Release|Any CPU
		{81DDED9D-158B-E303-5F62-77A2896D2A5A}.Release|Any CPU.Build.0 = Release|Any CPU
		{467BA127-05BB-DF46-83A0-4FB3F8853FBF}.Debug|Any CPU.ActiveCfg = Debug|Any CPU
		{467BA127-05BB-DF46-83A0-4FB3F8853FBF}.Debug|Any CPU.Build.0 = Debug|Any CPU
		{467BA127-05BB-DF46-83A0-4FB3F8853FBF}.Release|Any CPU.ActiveCfg = Release|Any CPU
		{467BA127-05BB-DF46-83A0-4FB3F8853FBF}.Release|Any CPU.Build.0 = Release|Any CPU
		{DC76BC4F-AAA5-4D30-804F-C3818FE46161}.Debug|Any CPU.ActiveCfg = Debug|Any CPU
		{DC76BC4F-AAA5-4D30-804F-C3818FE46161}.Debug|Any CPU.Build.0 = Debug|Any CPU
		{DC76BC4F-AAA5-4D30-804F-C3818FE46161}.Release|Any CPU.ActiveCfg = Release|Any CPU
		{DC76BC4F-AAA5-4D30-804F-C3818FE46161}.Release|Any CPU.Build.0 = Release|Any CPU
		{E81B7F6B-061C-4455-8C17-22AA39F88A1E}.Debug|Any CPU.ActiveCfg = Debug|Any CPU
		{E81B7F6B-061C-4455-8C17-22AA39F88A1E}.Debug|Any CPU.Build.0 = Debug|Any CPU
		{E81B7F6B-061C-4455-8C17-22AA39F88A1E}.Release|Any CPU.ActiveCfg = Release|Any CPU
		{E81B7F6B-061C-4455-8C17-22AA39F88A1E}.Release|Any CPU.Build.0 = Release|Any CPU
		{22E82EA5-1198-4C08-A5B9-AE0FC2ED065B}.Debug|Any CPU.ActiveCfg = Debug|Any CPU
		{22E82EA5-1198-4C08-A5B9-AE0FC2ED065B}.Debug|Any CPU.Build.0 = Debug|Any CPU
		{22E82EA5-1198-4C08-A5B9-AE0FC2ED065B}.Release|Any CPU.ActiveCfg = Release|Any CPU
		{22E82EA5-1198-4C08-A5B9-AE0FC2ED065B}.Release|Any CPU.Build.0 = Release|Any CPU
		{04122264-1370-4FB8-A843-1C9FC0C458A6}.Debug|Any CPU.ActiveCfg = Debug|Any CPU
		{04122264-1370-4FB8-A843-1C9FC0C458A6}.Debug|Any CPU.Build.0 = Debug|Any CPU
		{04122264-1370-4FB8-A843-1C9FC0C458A6}.Release|Any CPU.ActiveCfg = Release|Any CPU
		{04122264-1370-4FB8-A843-1C9FC0C458A6}.Release|Any CPU.Build.0 = Release|Any CPU
		{D3B7606E-CED3-4B3A-959C-A2E1DC80DB6A}.Debug|Any CPU.ActiveCfg = Debug|Any CPU
		{D3B7606E-CED3-4B3A-959C-A2E1DC80DB6A}.Debug|Any CPU.Build.0 = Debug|Any CPU
		{D3B7606E-CED3-4B3A-959C-A2E1DC80DB6A}.Release|Any CPU.ActiveCfg = Release|Any CPU
		{D3B7606E-CED3-4B3A-959C-A2E1DC80DB6A}.Release|Any CPU.Build.0 = Release|Any CPU
		{8409A746-F0D4-4E68-BFCE-3AD012D882C1}.Debug|Any CPU.ActiveCfg = Debug|Any CPU
		{8409A746-F0D4-4E68-BFCE-3AD012D882C1}.Debug|Any CPU.Build.0 = Debug|Any CPU
		{8409A746-F0D4-4E68-BFCE-3AD012D882C1}.Release|Any CPU.ActiveCfg = Release|Any CPU
		{8409A746-F0D4-4E68-BFCE-3AD012D882C1}.Release|Any CPU.Build.0 = Release|Any CPU
		{6BAF324D-11E5-4F92-A257-D87961F8C1FF}.Debug|Any CPU.ActiveCfg = Debug|Any CPU
		{6BAF324D-11E5-4F92-A257-D87961F8C1FF}.Debug|Any CPU.Build.0 = Debug|Any CPU
		{6BAF324D-11E5-4F92-A257-D87961F8C1FF}.Release|Any CPU.ActiveCfg = Release|Any CPU
		{6BAF324D-11E5-4F92-A257-D87961F8C1FF}.Release|Any CPU.Build.0 = Release|Any CPU
		{47DE6C79-053D-4AE0-87F6-84C54F29D6C4}.Debug|Any CPU.ActiveCfg = Debug|Any CPU
		{47DE6C79-053D-4AE0-87F6-84C54F29D6C4}.Debug|Any CPU.Build.0 = Debug|Any CPU
		{47DE6C79-053D-4AE0-87F6-84C54F29D6C4}.Release|Any CPU.ActiveCfg = Release|Any CPU
		{47DE6C79-053D-4AE0-87F6-84C54F29D6C4}.Release|Any CPU.Build.0 = Release|Any CPU
	EndGlobalSection
	GlobalSection(SolutionProperties) = preSolution
		HideSolutionNode = FALSE
	EndGlobalSection
	GlobalSection(NestedProjects) = preSolution
		{467BA127-05BB-DF46-83A0-4FB3F8853FBF} = {36D591C7-65C7-A0D1-1CBC-10CDE441BDC8}
		{DC76BC4F-AAA5-4D30-804F-C3818FE46161} = {36D591C7-65C7-A0D1-1CBC-10CDE441BDC8}
		{A7128355-405F-4300-B4AB-F512F3B57E67} = {EAEB4A0D-5AEF-41F8-8AA4-3D75F43E386A}
		{E81B7F6B-061C-4455-8C17-22AA39F88A1E} = {A7128355-405F-4300-B4AB-F512F3B57E67}
		{22E82EA5-1198-4C08-A5B9-AE0FC2ED065B} = {A7128355-405F-4300-B4AB-F512F3B57E67}
		{04122264-1370-4FB8-A843-1C9FC0C458A6} = {A7128355-405F-4300-B4AB-F512F3B57E67}
		{D3B7606E-CED3-4B3A-959C-A2E1DC80DB6A} = {A7128355-405F-4300-B4AB-F512F3B57E67}
		{8409A746-F0D4-4E68-BFCE-3AD012D882C1} = {EAEB4A0D-5AEF-41F8-8AA4-3D75F43E386A}
		{6BAF324D-11E5-4F92-A257-D87961F8C1FF} = {EAEB4A0D-5AEF-41F8-8AA4-3D75F43E386A}
		{47DE6C79-053D-4AE0-87F6-84C54F29D6C4} = {75D44298-749A-4890-84A0-9E1C876662AB}
	EndGlobalSection
	GlobalSection(ExtensibilityGlobals) = postSolution
		SolutionGuid = {9BA6FAB8-B54C-403F-AF9B-360FCCAB94BA}
	EndGlobalSection
EndGlobal
