
Microsoft Visual Studio Solution File, Format Version 12.00
Project("{2150E333-8FDC-42A3-9474-1A3956D46DE8}") = "Frontend", "Frontend", "{6CA1FC6B-A2F2-4FB3-988E-CE2062B7A0DA}"
EndProject
Project("{2150E333-8FDC-42A3-9474-1A3956D46DE8}") = "Gateway", "Gateway", "{91E9E574-5C0E-4021-A814-276F90529A7B}"
EndProject
Project("{2150E333-8FDC-42A3-9474-1A3956D46DE8}") = "Integration", "Integration", "{186572F0-347B-48A4-A87D-A3FAFA674185}"
EndProject
Project("{2150E333-8FDC-42A3-9474-1A3956D46DE8}") = "Services", "Services", "{EAEB4A0D-5AEF-41F8-8AA4-3D75F43E386A}"
EndProject
Project("{FAE04EC0-301F-11D3-BF4B-00C04F79EFBC}") = "FinancialTracker.Services.AnalyticsAPI", "FinancialTracker.Services.AnalyticsAPI\FinancialTracker.Services.AnalyticsAPI.csproj", "{FABDFB81-B409-4666-8BA4-EBE598DB0B42}"
EndProject
Project("{2150E333-8FDC-42A3-9474-1A3956D46DE8}") = "FinancialTracker.Services.Wallet", "FinancialTracker.Services.Wallet", "{A7128355-405F-4300-B4AB-F512F3B57E67}"
EndProject
Project("{FAE04EC0-301F-11D3-BF4B-00C04F79EFBC}") = "Wallet.Domain", "Wallet.Domain\Wallet.Domain.csproj", "{E81B7F6B-061C-4455-8C17-22AA39F88A1E}"
EndProject
Project("{FAE04EC0-301F-11D3-BF4B-00C04F79EFBC}") = "Wallet.Application", "Wallet.Application\Wallet.Application.csproj", "{22E82EA5-1198-4C08-A5B9-AE0FC2ED065B}"
EndProject
Project("{FAE04EC0-301F-11D3-BF4B-00C04F79EFBC}") = "Wallet.Infrastructure", "Wallet.Infrastructure\Wallet.Infrastructure.csproj", "{04122264-1370-4FB8-A843-1C9FC0C458A6}"
EndProject
Project("{FAE04EC0-301F-11D3-BF4B-00C04F79EFBC}") = "Wallet.API", "Wallet.API\Wallet.API.csproj", "{D3B7606E-CED3-4B3A-959C-A2E1DC80DB6A}"
EndProject
Global
	GlobalSection(SolutionConfigurationPlatforms) = preSolution
		Debug|Any CPU = Debug|Any CPU
		Release|Any CPU = Release|Any CPU
	EndGlobalSection
	GlobalSection(NestedProjects) = preSolution
		{7981B6F6-835C-4520-9A37-06E58623EACE} = {EAEB4A0D-5AEF-41F8-8AA4-3D75F43E386A}
		{0AA51903-58A1-46AF-A775-4DB0FB1A8F02} = {EAEB4A0D-5AEF-41F8-8AA4-3D75F43E386A}
		{FABDFB81-B409-4666-8BA4-EBE598DB0B42} = {EAEB4A0D-5AEF-41F8-8AA4-3D75F43E386A}
		{A7128355-405F-4300-B4AB-F512F3B57E67} = {EAEB4A0D-5AEF-41F8-8AA4-3D75F43E386A}
		{E81B7F6B-061C-4455-8C17-22AA39F88A1E} = {A7128355-405F-4300-B4AB-F512F3B57E67}
		{22E82EA5-1198-4C08-A5B9-AE0FC2ED065B} = {A7128355-405F-4300-B4AB-F512F3B57E67}
		{04122264-1370-4FB8-A843-1C9FC0C458A6} = {A7128355-405F-4300-B4AB-F512F3B57E67}
		{D3B7606E-CED3-4B3A-959C-A2E1DC80DB6A} = {A7128355-405F-4300-B4AB-F512F3B57E67}
	EndGlobalSection
	GlobalSection(ProjectConfigurationPlatforms) = postSolution
		{7981B6F6-835C-4520-9A37-06E58623EACE}.Debug|Any CPU.ActiveCfg = Debug|Any CPU
		{7981B6F6-835C-4520-9A37-06E58623EACE}.Debug|Any CPU.Build.0 = Debug|Any CPU
		{7981B6F6-835C-4520-9A37-06E58623EACE}.Release|Any CPU.ActiveCfg = Release|Any CPU
		{7981B6F6-835C-4520-9A37-06E58623EACE}.Release|Any CPU.Build.0 = Release|Any CPU
		{0AA51903-58A1-46AF-A775-4DB0FB1A8F02}.Debug|Any CPU.ActiveCfg = Debug|Any CPU
		{0AA51903-58A1-46AF-A775-4DB0FB1A8F02}.Debug|Any CPU.Build.0 = Debug|Any CPU
		{0AA51903-58A1-46AF-A775-4DB0FB1A8F02}.Release|Any CPU.ActiveCfg = Release|Any CPU
		{0AA51903-58A1-46AF-A775-4DB0FB1A8F02}.Release|Any CPU.Build.0 = Release|Any CPU
		{FABDFB81-B409-4666-8BA4-EBE598DB0B42}.Debug|Any CPU.ActiveCfg = Debug|Any CPU
		{FABDFB81-B409-4666-8BA4-EBE598DB0B42}.Debug|Any CPU.Build.0 = Debug|Any CPU
		{FABDFB81-B409-4666-8BA4-EBE598DB0B42}.Release|Any CPU.ActiveCfg = Release|Any CPU
		{FABDFB81-B409-4666-8BA4-EBE598DB0B42}.Release|Any CPU.Build.0 = Release|Any CPU
		{E81B7F6B-061C-4455-8C17-22AA39F88A1E}.Debug|Any CPU.ActiveCfg = Debug|Any CPU
		{E81B7F6B-061C-4455-8C17-22AA39F88A1E}.Debug|Any CPU.Build.0 = Debug|Any CPU
		{E81B7F6B-061C-4455-8C17-22AA39F88A1E}.Release|Any CPU.ActiveCfg = Release|Any CPU
		{E81B7F6B-061C-4455-8C17-22AA39F88A1E}.Release|Any CPU.Build.0 = Release|Any CPU
		{22E82EA5-1198-4C08-A5B9-AE0FC2ED065B}.Debug|Any CPU.ActiveCfg = Debug|Any CPU
		{22E82EA5-1198-4C08-A5B9-AE0FC2ED065B}.Debug|Any CPU.Build.0 = Debug|Any CPU
		{22E82EA5-1198-4C08-A5B9-AE0FC2ED065B}.Release|Any CPU.ActiveCfg = Release|Any CPU
		{22E82EA5-1198-4C08-A5B9-AE0FC2ED065B}.Release|Any CPU.Build.0 = Release|Any CPU
		{04122264-1370-4FB8-A843-1C9FC0C458A6}.Debug|Any CPU.ActiveCfg = Debug|Any CPU
		{04122264-1370-4FB8-A843-1C9FC0C458A6}.Debug|Any CPU.Build.0 = Debug|Any CPU
		{04122264-1370-4FB8-A843-1C9FC0C458A6}.Release|Any CPU.ActiveCfg = Release|Any CPU
		{04122264-1370-4FB8-A843-1C9FC0C458A6}.Release|Any CPU.Build.0 = Release|Any CPU
		{D3B7606E-CED3-4B3A-959C-A2E1DC80DB6A}.Debug|Any CPU.ActiveCfg = Debug|Any CPU
		{D3B7606E-CED3-4B3A-959C-A2E1DC80DB6A}.Debug|Any CPU.Build.0 = Debug|Any CPU
		{D3B7606E-CED3-4B3A-959C-A2E1DC80DB6A}.Release|Any CPU.ActiveCfg = Release|Any CPU
		{D3B7606E-CED3-4B3A-959C-A2E1DC80DB6A}.Release|Any CPU.Build.0 = Release|Any CPU
	EndGlobalSection
EndGlobal
