
Microsoft Visual Studio Solution File, Format Version 12.00
# Visual Studio Version 17
VisualStudioVersion = 17.13.35828.75
MinimumVisualStudioVersion = 10.0.40219.1
Project("{2150E333-8FDC-42A3-9474-1A3956D46DE8}") = "Frontend", "Frontend", "{6CA1FC6B-A2F2-4FB3-988E-CE2062B7A0DA}"
EndProject
Project("{2150E333-8FDC-42A3-9474-1A3956D46DE8}") = "Gateway", "Gateway", "{91E9E574-5C0E-4021-A814-276F90529A7B}"
EndProject
Project("{2150E333-8FDC-42A3-9474-1A3956D46DE8}") = "Integration", "Integration", "{186572F0-347B-48A4-A87D-A3FAFA674185}"
EndProject
Project("{2150E333-8FDC-42A3-9474-1A3956D46DE8}") = "Services", "Services", "{EAEB4A0D-5AEF-41F8-8AA4-3D75F43E386A}"
EndProject
Project("{FAE04EC0-301F-11D3-BF4B-00C04F79EFBC}") = "FinancialTracker.Services.AnalyticsAPI", "FinancialTracker.Services.AnalyticsAPI\FinancialTracker.Services.AnalyticsAPI.csproj", "{FABDFB81-B409-4666-8BA4-EBE598DB0B42}"
EndProject
Project("{FAE04EC0-301F-11D3-BF4B-00C04F79EFBC}") = "FinancialTracker.Services.AuthorizeApi", "FinancialTracker.Services.AuthorizeApi\FinancialTracker.Services.AuthorizeApi.csproj", "{7BDF89B7-37F1-437A-8469-223A22EDFC1B}"
EndProject
Project("{E53339B2-1760-4266-BCC7-CA923CBCF16C}") = "docker-compose", "docker-compose.dcproj", "{81DDED9D-158B-E303-5F62-77A2896D2A5A}"
EndProject
Global
	GlobalSection(SolutionConfigurationPlatforms) = preSolution
		Debug|Any CPU = Debug|Any CPU
		Release|Any CPU = Release|Any CPU
	EndGlobalSection
	GlobalSection(ProjectConfigurationPlatforms) = postSolution
		{FABDFB81-B409-4666-8BA4-EBE598DB0B42}.Debug|Any CPU.ActiveCfg = Debug|Any CPU
		{FABDFB81-B409-4666-8BA4-EBE598DB0B42}.Debug|Any CPU.Build.0 = Debug|Any CPU
		{FABDFB81-B409-4666-8BA4-EBE598DB0B42}.Release|Any CPU.ActiveCfg = Release|Any CPU
		{FABDFB81-B409-4666-8BA4-EBE598DB0B42}.Release|Any CPU.Build.0 = Release|Any CPU
		{7BDF89B7-37F1-437A-8469-223A22EDFC1B}.Debug|Any CPU.ActiveCfg = Debug|Any CPU
		{7BDF89B7-37F1-437A-8469-223A22EDFC1B}.Debug|Any CPU.Build.0 = Debug|Any CPU
		{7BDF89B7-37F1-437A-8469-223A22EDFC1B}.Release|Any CPU.ActiveCfg = Release|Any CPU
		{7BDF89B7-37F1-437A-8469-223A22EDFC1B}.Release|Any CPU.Build.0 = Release|Any CPU
		{81DDED9D-158B-E303-5F62-77A2896D2A5A}.Debug|Any CPU.ActiveCfg = Debug|Any CPU
		{81DDED9D-158B-E303-5F62-77A2896D2A5A}.Debug|Any CPU.Build.0 = Debug|Any CPU
		{81DDED9D-158B-E303-5F62-77A2896D2A5A}.Release|Any CPU.ActiveCfg = Release|Any CPU
		{81DDED9D-158B-E303-5F62-77A2896D2A5A}.Release|Any CPU.Build.0 = Release|Any CPU
	EndGlobalSection
	GlobalSection(SolutionProperties) = preSolution
		HideSolutionNode = FALSE
	EndGlobalSection
	GlobalSection(NestedProjects) = preSolution
		{FABDFB81-B409-4666-8BA4-EBE598DB0B42} = {EAEB4A0D-5AEF-41F8-8AA4-3D75F43E386A}
		{7BDF89B7-37F1-437A-8469-223A22EDFC1B} = {EAEB4A0D-5AEF-41F8-8AA4-3D75F43E386A}
	EndGlobalSection
EndGlobal
